// !$*UTF8*$!
{
	archiveVersion = 1;
	classes = {
	};
	objectVersion = 50;
	objects = {

/* Begin PBXBuildFile section */
		5A8F30132308BB40000A374F /* GoogleService-Info.plist in Resources */ = {isa = PBXBuildFile; fileRef = 5A8F30122308BB40000A374F /* GoogleService-Info.plist */; };
		5A8F30152309AB67000A374F /* WelcomeViewController.swift in Sources */ = {isa = PBXBuildFile; fileRef = 5A8F30142309AB67000A374F /* WelcomeViewController.swift */; };
		5A8F301A2309ABF5000A374F /* MainView.swift in Sources */ = {isa = PBXBuildFile; fileRef = 5A8F30192309ABF5000A374F /* MainView.swift */; };
		5A8F301C2309AC05000A374F /* Constraints.swift in Sources */ = {isa = PBXBuildFile; fileRef = 5A8F301B2309AC05000A374F /* Constraints.swift */; };
		5A8F301E2309AC2E000A374F /* UIElementSizes.swift in Sources */ = {isa = PBXBuildFile; fileRef = 5A8F301D2309AC2E000A374F /* UIElementSizes.swift */; };
		5A8F30202309AC47000A374F /* Colors.swift in Sources */ = {isa = PBXBuildFile; fileRef = 5A8F301F2309AC47000A374F /* Colors.swift */; };
		5A8F30222309AFC1000A374F /* ActionButton.swift in Sources */ = {isa = PBXBuildFile; fileRef = 5A8F30212309AFC1000A374F /* ActionButton.swift */; };
		5A8F30242309BB04000A374F /* SignInViewController.swift in Sources */ = {isa = PBXBuildFile; fileRef = 5A8F30232309BB04000A374F /* SignInViewController.swift */; };
		5A8F30262309BB60000A374F /* SignInView.swift in Sources */ = {isa = PBXBuildFile; fileRef = 5A8F30252309BB60000A374F /* SignInView.swift */; };
		A2876E9B23086E6000565829 /* AppDelegate.swift in Sources */ = {isa = PBXBuildFile; fileRef = A2876E9A23086E6000565829 /* AppDelegate.swift */; };
		A2876EA223086E6300565829 /* Assets.xcassets in Resources */ = {isa = PBXBuildFile; fileRef = A2876EA123086E6300565829 /* Assets.xcassets */; };
		A2876EA523086E6300565829 /* LaunchScreen.storyboard in Resources */ = {isa = PBXBuildFile; fileRef = A2876EA323086E6300565829 /* LaunchScreen.storyboard */; };
		A2876EB023086E6300565829 /* Dangerfield_IntroToAppDevTests.swift in Sources */ = {isa = PBXBuildFile; fileRef = A2876EAF23086E6300565829 /* Dangerfield_IntroToAppDevTests.swift */; };
		A2876EC523087DA600565829 /* libicucore.tbd in Frameworks */ = {isa = PBXBuildFile; fileRef = A2876EC423087DA600565829 /* libicucore.tbd */; };
		A2876EE023087DD100565829 /* GoogleAppMeasurement.framework in Frameworks */ = {isa = PBXBuildFile; fileRef = A2876EC623087DD000565829 /* GoogleAppMeasurement.framework */; };
		A2876EE123087DD100565829 /* Fabric.framework in Frameworks */ = {isa = PBXBuildFile; fileRef = A2876EC723087DD000565829 /* Fabric.framework */; };
		A2876EE223087DD100565829 /* FirebaseABTesting.framework in Frameworks */ = {isa = PBXBuildFile; fileRef = A2876EC823087DD000565829 /* FirebaseABTesting.framework */; };
		A2876EE323087DD100565829 /* FirebaseCore.framework in Frameworks */ = {isa = PBXBuildFile; fileRef = A2876EC923087DD000565829 /* FirebaseCore.framework */; };
		A2876EE423087DD100565829 /* FirebaseInstanceID.framework in Frameworks */ = {isa = PBXBuildFile; fileRef = A2876ECA23087DD000565829 /* FirebaseInstanceID.framework */; };
		A2876EE523087DD100565829 /* gRPC-Core.framework in Frameworks */ = {isa = PBXBuildFile; fileRef = A2876ECB23087DD000565829 /* gRPC-Core.framework */; };
		A2876EE623087DD100565829 /* Crashlytics.framework in Frameworks */ = {isa = PBXBuildFile; fileRef = A2876ECC23087DD000565829 /* Crashlytics.framework */; };
		A2876EE723087DD100565829 /* Protobuf.framework in Frameworks */ = {isa = PBXBuildFile; fileRef = A2876ECD23087DD000565829 /* Protobuf.framework */; };
		A2876EE823087DD100565829 /* FirebaseAuth.framework in Frameworks */ = {isa = PBXBuildFile; fileRef = A2876ECE23087DD000565829 /* FirebaseAuth.framework */; };
		A2876EE923087DD100565829 /* FIRAnalyticsConnector.framework in Frameworks */ = {isa = PBXBuildFile; fileRef = A2876ECF23087DD100565829 /* FIRAnalyticsConnector.framework */; };
		A2876EEA23087DD100565829 /* GoogleUtilities.framework in Frameworks */ = {isa = PBXBuildFile; fileRef = A2876ED023087DD100565829 /* GoogleUtilities.framework */; };
		A2876EEB23087DD100565829 /* FirebasePerformance.framework in Frameworks */ = {isa = PBXBuildFile; fileRef = A2876ED123087DD100565829 /* FirebasePerformance.framework */; };
		A2876EEC23087DD100565829 /* leveldb-library.framework in Frameworks */ = {isa = PBXBuildFile; fileRef = A2876ED223087DD100565829 /* leveldb-library.framework */; };
		A2876EED23087DD100565829 /* FirebaseCoreDiagnostics.framework in Frameworks */ = {isa = PBXBuildFile; fileRef = A2876ED323087DD100565829 /* FirebaseCoreDiagnostics.framework */; };
		A2876EEF23087DD100565829 /* FirebaseRemoteConfig.framework in Frameworks */ = {isa = PBXBuildFile; fileRef = A2876ED523087DD100565829 /* FirebaseRemoteConfig.framework */; };
		A2876EF023087DD100565829 /* GTMSessionFetcher.framework in Frameworks */ = {isa = PBXBuildFile; fileRef = A2876ED623087DD100565829 /* GTMSessionFetcher.framework */; };
		A2876EF223087DD100565829 /* FirebaseDatabase.framework in Frameworks */ = {isa = PBXBuildFile; fileRef = A2876ED823087DD100565829 /* FirebaseDatabase.framework */; };
		A2876EF323087DD100565829 /* FirebaseStorage.framework in Frameworks */ = {isa = PBXBuildFile; fileRef = A2876ED923087DD100565829 /* FirebaseStorage.framework */; };
		A2876EF423087DD100565829 /* FirebaseFirestore.framework in Frameworks */ = {isa = PBXBuildFile; fileRef = A2876EDA23087DD100565829 /* FirebaseFirestore.framework */; };
		A2876EF523087DD100565829 /* nanopb.framework in Frameworks */ = {isa = PBXBuildFile; fileRef = A2876EDB23087DD100565829 /* nanopb.framework */; };
		A2876EF623087DD100565829 /* GoogleToolboxForMac.framework in Frameworks */ = {isa = PBXBuildFile; fileRef = A2876EDC23087DD100565829 /* GoogleToolboxForMac.framework */; };
		A2876EF723087DD100565829 /* gRPC-C++.framework in Frameworks */ = {isa = PBXBuildFile; fileRef = A2876EDD23087DD100565829 /* gRPC-C++.framework */; };
		A2876EF823087DD100565829 /* FirebaseAnalytics.framework in Frameworks */ = {isa = PBXBuildFile; fileRef = A2876EDE23087DD100565829 /* FirebaseAnalytics.framework */; };
		A2876EF923087DD100565829 /* BoringSSL.framework in Frameworks */ = {isa = PBXBuildFile; fileRef = A2876EDF23087DD100565829 /* BoringSSL.framework */; };
		A2F3FD6D23088FAD006C9C3B /* GoogleSignIn.framework in Frameworks */ = {isa = PBXBuildFile; fileRef = A2876ED723087DD100565829 /* GoogleSignIn.framework */; };
		A2F3FD6F2308905D006C9C3B /* Firebase.framework in Frameworks */ = {isa = PBXBuildFile; fileRef = A2F3FD6E2308905D006C9C3B /* Firebase.framework */; };
/* End PBXBuildFile section */

/* Begin PBXContainerItemProxy section */
		A2876EAC23086E6300565829 /* PBXContainerItemProxy */ = {
			isa = PBXContainerItemProxy;
			containerPortal = A2876E8F23086E6000565829 /* Project object */;
			proxyType = 1;
			remoteGlobalIDString = A2876E9623086E6000565829;
			remoteInfo = "Dangerfield-IntroToAppDev";
		};
/* End PBXContainerItemProxy section */

/* Begin PBXFileReference section */
		5A8F30122308BB40000A374F /* GoogleService-Info.plist */ = {isa = PBXFileReference; fileEncoding = 4; lastKnownFileType = text.plist.xml; path = "GoogleService-Info.plist"; sourceTree = "<group>"; };
		5A8F30142309AB67000A374F /* WelcomeViewController.swift */ = {isa = PBXFileReference; lastKnownFileType = sourcecode.swift; path = WelcomeViewController.swift; sourceTree = "<group>"; };
		5A8F30192309ABF5000A374F /* MainView.swift */ = {isa = PBXFileReference; fileEncoding = 4; lastKnownFileType = sourcecode.swift; path = MainView.swift; sourceTree = "<group>"; };
		5A8F301B2309AC05000A374F /* Constraints.swift */ = {isa = PBXFileReference; fileEncoding = 4; lastKnownFileType = sourcecode.swift; path = Constraints.swift; sourceTree = "<group>"; };
		5A8F301D2309AC2E000A374F /* UIElementSizes.swift */ = {isa = PBXFileReference; fileEncoding = 4; lastKnownFileType = sourcecode.swift; path = UIElementSizes.swift; sourceTree = "<group>"; };
		5A8F301F2309AC47000A374F /* Colors.swift */ = {isa = PBXFileReference; fileEncoding = 4; lastKnownFileType = sourcecode.swift; path = Colors.swift; sourceTree = "<group>"; };
		5A8F30212309AFC1000A374F /* ActionButton.swift */ = {isa = PBXFileReference; lastKnownFileType = sourcecode.swift; path = ActionButton.swift; sourceTree = "<group>"; };
		5A8F30232309BB04000A374F /* SignInViewController.swift */ = {isa = PBXFileReference; lastKnownFileType = sourcecode.swift; path = SignInViewController.swift; sourceTree = "<group>"; };
		5A8F30252309BB60000A374F /* SignInView.swift */ = {isa = PBXFileReference; lastKnownFileType = sourcecode.swift; path = SignInView.swift; sourceTree = "<group>"; };
		A2876E9723086E6000565829 /* Dangerfield-IntroToAppDev.app */ = {isa = PBXFileReference; explicitFileType = wrapper.application; includeInIndex = 0; path = "Dangerfield-IntroToAppDev.app"; sourceTree = BUILT_PRODUCTS_DIR; };
		A2876E9A23086E6000565829 /* AppDelegate.swift */ = {isa = PBXFileReference; lastKnownFileType = sourcecode.swift; path = AppDelegate.swift; sourceTree = "<group>"; };
		A2876EA123086E6300565829 /* Assets.xcassets */ = {isa = PBXFileReference; lastKnownFileType = folder.assetcatalog; path = Assets.xcassets; sourceTree = "<group>"; };
		A2876EA423086E6300565829 /* Base */ = {isa = PBXFileReference; lastKnownFileType = file.storyboard; name = Base; path = Base.lproj/LaunchScreen.storyboard; sourceTree = "<group>"; };
		A2876EA623086E6300565829 /* Info.plist */ = {isa = PBXFileReference; lastKnownFileType = text.plist.xml; path = Info.plist; sourceTree = "<group>"; };
		A2876EAB23086E6300565829 /* Dangerfield-IntroToAppDevTests.xctest */ = {isa = PBXFileReference; explicitFileType = wrapper.cfbundle; includeInIndex = 0; path = "Dangerfield-IntroToAppDevTests.xctest"; sourceTree = BUILT_PRODUCTS_DIR; };
		A2876EAF23086E6300565829 /* Dangerfield_IntroToAppDevTests.swift */ = {isa = PBXFileReference; lastKnownFileType = sourcecode.swift; path = Dangerfield_IntroToAppDevTests.swift; sourceTree = "<group>"; };
		A2876EB123086E6300565829 /* Info.plist */ = {isa = PBXFileReference; lastKnownFileType = text.plist.xml; path = Info.plist; sourceTree = "<group>"; };
		A2876EC423087DA600565829 /* libicucore.tbd */ = {isa = PBXFileReference; lastKnownFileType = "sourcecode.text-based-dylib-definition"; name = libicucore.tbd; path = usr/lib/libicucore.tbd; sourceTree = SDKROOT; };
		A2876EC623087DD000565829 /* GoogleAppMeasurement.framework */ = {isa = PBXFileReference; lastKnownFileType = wrapper.framework; name = GoogleAppMeasurement.framework; path = Carthage/Build/iOS/GoogleAppMeasurement.framework; sourceTree = "<group>"; };
		A2876EC723087DD000565829 /* Fabric.framework */ = {isa = PBXFileReference; lastKnownFileType = wrapper.framework; name = Fabric.framework; path = Carthage/Build/iOS/Fabric.framework; sourceTree = "<group>"; };
		A2876EC823087DD000565829 /* FirebaseABTesting.framework */ = {isa = PBXFileReference; lastKnownFileType = wrapper.framework; name = FirebaseABTesting.framework; path = Carthage/Build/iOS/FirebaseABTesting.framework; sourceTree = "<group>"; };
		A2876EC923087DD000565829 /* FirebaseCore.framework */ = {isa = PBXFileReference; lastKnownFileType = wrapper.framework; name = FirebaseCore.framework; path = Carthage/Build/iOS/FirebaseCore.framework; sourceTree = "<group>"; };
		A2876ECA23087DD000565829 /* FirebaseInstanceID.framework */ = {isa = PBXFileReference; lastKnownFileType = wrapper.framework; name = FirebaseInstanceID.framework; path = Carthage/Build/iOS/FirebaseInstanceID.framework; sourceTree = "<group>"; };
		A2876ECB23087DD000565829 /* gRPC-Core.framework */ = {isa = PBXFileReference; lastKnownFileType = wrapper.framework; name = "gRPC-Core.framework"; path = "Carthage/Build/iOS/gRPC-Core.framework"; sourceTree = "<group>"; };
		A2876ECC23087DD000565829 /* Crashlytics.framework */ = {isa = PBXFileReference; lastKnownFileType = wrapper.framework; name = Crashlytics.framework; path = Carthage/Build/iOS/Crashlytics.framework; sourceTree = "<group>"; };
		A2876ECD23087DD000565829 /* Protobuf.framework */ = {isa = PBXFileReference; lastKnownFileType = wrapper.framework; name = Protobuf.framework; path = Carthage/Build/iOS/Protobuf.framework; sourceTree = "<group>"; };
		A2876ECE23087DD000565829 /* FirebaseAuth.framework */ = {isa = PBXFileReference; lastKnownFileType = wrapper.framework; name = FirebaseAuth.framework; path = Carthage/Build/iOS/FirebaseAuth.framework; sourceTree = "<group>"; };
		A2876ECF23087DD100565829 /* FIRAnalyticsConnector.framework */ = {isa = PBXFileReference; lastKnownFileType = wrapper.framework; name = FIRAnalyticsConnector.framework; path = Carthage/Build/iOS/FIRAnalyticsConnector.framework; sourceTree = "<group>"; };
		A2876ED023087DD100565829 /* GoogleUtilities.framework */ = {isa = PBXFileReference; lastKnownFileType = wrapper.framework; name = GoogleUtilities.framework; path = Carthage/Build/iOS/GoogleUtilities.framework; sourceTree = "<group>"; };
		A2876ED123087DD100565829 /* FirebasePerformance.framework */ = {isa = PBXFileReference; lastKnownFileType = wrapper.framework; name = FirebasePerformance.framework; path = Carthage/Build/iOS/FirebasePerformance.framework; sourceTree = "<group>"; };
		A2876ED223087DD100565829 /* leveldb-library.framework */ = {isa = PBXFileReference; lastKnownFileType = wrapper.framework; name = "leveldb-library.framework"; path = "Carthage/Build/iOS/leveldb-library.framework"; sourceTree = "<group>"; };
		A2876ED323087DD100565829 /* FirebaseCoreDiagnostics.framework */ = {isa = PBXFileReference; lastKnownFileType = wrapper.framework; name = FirebaseCoreDiagnostics.framework; path = Carthage/Build/iOS/FirebaseCoreDiagnostics.framework; sourceTree = "<group>"; };
		A2876ED523087DD100565829 /* FirebaseRemoteConfig.framework */ = {isa = PBXFileReference; lastKnownFileType = wrapper.framework; name = FirebaseRemoteConfig.framework; path = Carthage/Build/iOS/FirebaseRemoteConfig.framework; sourceTree = "<group>"; };
		A2876ED623087DD100565829 /* GTMSessionFetcher.framework */ = {isa = PBXFileReference; lastKnownFileType = wrapper.framework; name = GTMSessionFetcher.framework; path = Carthage/Build/iOS/GTMSessionFetcher.framework; sourceTree = "<group>"; };
		A2876ED723087DD100565829 /* GoogleSignIn.framework */ = {isa = PBXFileReference; lastKnownFileType = wrapper.framework; name = GoogleSignIn.framework; path = Carthage/Build/iOS/GoogleSignIn.framework; sourceTree = "<group>"; };
		A2876ED823087DD100565829 /* FirebaseDatabase.framework */ = {isa = PBXFileReference; lastKnownFileType = wrapper.framework; name = FirebaseDatabase.framework; path = Carthage/Build/iOS/FirebaseDatabase.framework; sourceTree = "<group>"; };
		A2876ED923087DD100565829 /* FirebaseStorage.framework */ = {isa = PBXFileReference; lastKnownFileType = wrapper.framework; name = FirebaseStorage.framework; path = Carthage/Build/iOS/FirebaseStorage.framework; sourceTree = "<group>"; };
		A2876EDA23087DD100565829 /* FirebaseFirestore.framework */ = {isa = PBXFileReference; lastKnownFileType = wrapper.framework; name = FirebaseFirestore.framework; path = Carthage/Build/iOS/FirebaseFirestore.framework; sourceTree = "<group>"; };
		A2876EDB23087DD100565829 /* nanopb.framework */ = {isa = PBXFileReference; lastKnownFileType = wrapper.framework; name = nanopb.framework; path = Carthage/Build/iOS/nanopb.framework; sourceTree = "<group>"; };
		A2876EDC23087DD100565829 /* GoogleToolboxForMac.framework */ = {isa = PBXFileReference; lastKnownFileType = wrapper.framework; name = GoogleToolboxForMac.framework; path = Carthage/Build/iOS/GoogleToolboxForMac.framework; sourceTree = "<group>"; };
		A2876EDD23087DD100565829 /* gRPC-C++.framework */ = {isa = PBXFileReference; lastKnownFileType = wrapper.framework; name = "gRPC-C++.framework"; path = "Carthage/Build/iOS/gRPC-C++.framework"; sourceTree = "<group>"; };
		A2876EDE23087DD100565829 /* FirebaseAnalytics.framework */ = {isa = PBXFileReference; lastKnownFileType = wrapper.framework; name = FirebaseAnalytics.framework; path = Carthage/Build/iOS/FirebaseAnalytics.framework; sourceTree = "<group>"; };
		A2876EDF23087DD100565829 /* BoringSSL.framework */ = {isa = PBXFileReference; lastKnownFileType = wrapper.framework; name = BoringSSL.framework; path = Carthage/Build/iOS/BoringSSL.framework; sourceTree = "<group>"; };
		A2F3FD6E2308905D006C9C3B /* Firebase.framework */ = {isa = PBXFileReference; lastKnownFileType = wrapper.framework; name = Firebase.framework; path = Carthage/Build/iOS/Firebase.framework; sourceTree = "<group>"; };
/* End PBXFileReference section */

/* Begin PBXFrameworksBuildPhase section */
		A2876E9423086E6000565829 /* Frameworks */ = {
			isa = PBXFrameworksBuildPhase;
			buildActionMask = 2147483647;
			files = (
				A2876EC523087DA600565829 /* libicucore.tbd in Frameworks */,
				A2876EE023087DD100565829 /* GoogleAppMeasurement.framework in Frameworks */,
				A2876EE123087DD100565829 /* Fabric.framework in Frameworks */,
				A2876EE223087DD100565829 /* FirebaseABTesting.framework in Frameworks */,
				A2876EE323087DD100565829 /* FirebaseCore.framework in Frameworks */,
				A2876EE423087DD100565829 /* FirebaseInstanceID.framework in Frameworks */,
				A2876EE523087DD100565829 /* gRPC-Core.framework in Frameworks */,
				A2876EE623087DD100565829 /* Crashlytics.framework in Frameworks */,
				A2876EE723087DD100565829 /* Protobuf.framework in Frameworks */,
				A2876EE823087DD100565829 /* FirebaseAuth.framework in Frameworks */,
				A2876EE923087DD100565829 /* FIRAnalyticsConnector.framework in Frameworks */,
				A2876EEA23087DD100565829 /* GoogleUtilities.framework in Frameworks */,
				A2876EEB23087DD100565829 /* FirebasePerformance.framework in Frameworks */,
				A2876EEC23087DD100565829 /* leveldb-library.framework in Frameworks */,
				A2876EED23087DD100565829 /* FirebaseCoreDiagnostics.framework in Frameworks */,
				A2876EEF23087DD100565829 /* FirebaseRemoteConfig.framework in Frameworks */,
				A2876EF023087DD100565829 /* GTMSessionFetcher.framework in Frameworks */,
				A2876EF223087DD100565829 /* FirebaseDatabase.framework in Frameworks */,
				A2876EF323087DD100565829 /* FirebaseStorage.framework in Frameworks */,
				A2876EF423087DD100565829 /* FirebaseFirestore.framework in Frameworks */,
				A2876EF523087DD100565829 /* nanopb.framework in Frameworks */,
				A2876EF623087DD100565829 /* GoogleToolboxForMac.framework in Frameworks */,
				A2876EF723087DD100565829 /* gRPC-C++.framework in Frameworks */,
				A2876EF823087DD100565829 /* FirebaseAnalytics.framework in Frameworks */,
				A2876EF923087DD100565829 /* BoringSSL.framework in Frameworks */,
				A2F3FD6F2308905D006C9C3B /* Firebase.framework in Frameworks */,
				A2F3FD6D23088FAD006C9C3B /* GoogleSignIn.framework in Frameworks */,
			);
			runOnlyForDeploymentPostprocessing = 0;
		};
		A2876EA823086E6300565829 /* Frameworks */ = {
			isa = PBXFrameworksBuildPhase;
			buildActionMask = 2147483647;
			files = (
			);
			runOnlyForDeploymentPostprocessing = 0;
		};
/* End PBXFrameworksBuildPhase section */

/* Begin PBXGroup section */
		5A8F30162309ABB9000A374F /* Views */ = {
			isa = PBXGroup;
			children = (
				5A8F30192309ABF5000A374F /* MainView.swift */,
				5A8F30252309BB60000A374F /* SignInView.swift */,
			);
			path = Views;
			sourceTree = "<group>";
		};
		5A8F30172309ABC3000A374F /* ViewControllers */ = {
			isa = PBXGroup;
			children = (
				5A8F30142309AB67000A374F /* WelcomeViewController.swift */,
				5A8F30232309BB04000A374F /* SignInViewController.swift */,
			);
			path = ViewControllers;
			sourceTree = "<group>";
		};
		5A8F30182309ABE2000A374F /* Custom */ = {
			isa = PBXGroup;
			children = (
				5A8F301F2309AC47000A374F /* Colors.swift */,
				5A8F301D2309AC2E000A374F /* UIElementSizes.swift */,
				5A8F301B2309AC05000A374F /* Constraints.swift */,
				5A8F30212309AFC1000A374F /* ActionButton.swift */,
			);
			path = Custom;
			sourceTree = "<group>";
		};
		A2876E8E23086E6000565829 = {
			isa = PBXGroup;
			children = (
				A2876E9923086E6000565829 /* Dangerfield-IntroToAppDev */,
				A2876EAE23086E6300565829 /* Dangerfield-IntroToAppDevTests */,
				A2876E9823086E6000565829 /* Products */,
				A2876EC323087DA600565829 /* Frameworks */,
			);
			sourceTree = "<group>";
		};
		A2876E9823086E6000565829 /* Products */ = {
			isa = PBXGroup;
			children = (
				A2876E9723086E6000565829 /* Dangerfield-IntroToAppDev.app */,
				A2876EAB23086E6300565829 /* Dangerfield-IntroToAppDevTests.xctest */,
			);
			name = Products;
			sourceTree = "<group>";
		};
		A2876E9923086E6000565829 /* Dangerfield-IntroToAppDev */ = {
			isa = PBXGroup;
			children = (
				5A8F30182309ABE2000A374F /* Custom */,
				5A8F30172309ABC3000A374F /* ViewControllers */,
				5A8F30162309ABB9000A374F /* Views */,
				5A8F30122308BB40000A374F /* GoogleService-Info.plist */,
				A2876E9A23086E6000565829 /* AppDelegate.swift */,
				A2876EA123086E6300565829 /* Assets.xcassets */,
				A2876EA323086E6300565829 /* LaunchScreen.storyboard */,
				A2876EA623086E6300565829 /* Info.plist */,
			);
			path = "Dangerfield-IntroToAppDev";
			sourceTree = "<group>";
		};
		A2876EAE23086E6300565829 /* Dangerfield-IntroToAppDevTests */ = {
			isa = PBXGroup;
			children = (
				A2876EAF23086E6300565829 /* Dangerfield_IntroToAppDevTests.swift */,
				A2876EB123086E6300565829 /* Info.plist */,
			);
			path = "Dangerfield-IntroToAppDevTests";
			sourceTree = "<group>";
		};
		A2876EC323087DA600565829 /* Frameworks */ = {
			isa = PBXGroup;
			children = (
				A2F3FD6E2308905D006C9C3B /* Firebase.framework */,
				A2876EDF23087DD100565829 /* BoringSSL.framework */,
				A2876ECC23087DD000565829 /* Crashlytics.framework */,
				A2876EC723087DD000565829 /* Fabric.framework */,
				A2876ECF23087DD100565829 /* FIRAnalyticsConnector.framework */,
				A2876EC823087DD000565829 /* FirebaseABTesting.framework */,
				A2876EDE23087DD100565829 /* FirebaseAnalytics.framework */,
				A2876ECE23087DD000565829 /* FirebaseAuth.framework */,
				A2876EC923087DD000565829 /* FirebaseCore.framework */,
				A2876ED323087DD100565829 /* FirebaseCoreDiagnostics.framework */,
				A2876ED823087DD100565829 /* FirebaseDatabase.framework */,
				A2876EDA23087DD100565829 /* FirebaseFirestore.framework */,
				A2876ECA23087DD000565829 /* FirebaseInstanceID.framework */,
				A2876ED123087DD100565829 /* FirebasePerformance.framework */,
				A2876ED523087DD100565829 /* FirebaseRemoteConfig.framework */,
				A2876ED923087DD100565829 /* FirebaseStorage.framework */,
				A2876EC623087DD000565829 /* GoogleAppMeasurement.framework */,
				A2876ED723087DD100565829 /* GoogleSignIn.framework */,
				A2876EDC23087DD100565829 /* GoogleToolboxForMac.framework */,
				A2876ED023087DD100565829 /* GoogleUtilities.framework */,
				A2876EDD23087DD100565829 /* gRPC-C++.framework */,
				A2876ECB23087DD000565829 /* gRPC-Core.framework */,
				A2876ED623087DD100565829 /* GTMSessionFetcher.framework */,
				A2876ED223087DD100565829 /* leveldb-library.framework */,
				A2876EDB23087DD100565829 /* nanopb.framework */,
				A2876ECD23087DD000565829 /* Protobuf.framework */,
				A2876EC423087DA600565829 /* libicucore.tbd */,
			);
			name = Frameworks;
			sourceTree = "<group>";
		};
/* End PBXGroup section */

/* Begin PBXNativeTarget section */
		A2876E9623086E6000565829 /* Dangerfield-IntroToAppDev */ = {
			isa = PBXNativeTarget;
			buildConfigurationList = A2876EB423086E6300565829 /* Build configuration list for PBXNativeTarget "Dangerfield-IntroToAppDev" */;
			buildPhases = (
				A2876E9323086E6000565829 /* Sources */,
				A2876E9423086E6000565829 /* Frameworks */,
				A2876E9523086E6000565829 /* Resources */,
				A2876EBA23086FA400565829 /* SwiftLint */,
				A2876EBB23086FB700565829 /* SwiftLint autoCorrect */,
				A2876EC223087D5D00565829 /* Carthage */,
			);
			buildRules = (
			);
			dependencies = (
			);
			name = "Dangerfield-IntroToAppDev";
			productName = "Dangerfield-IntroToAppDev";
			productReference = A2876E9723086E6000565829 /* Dangerfield-IntroToAppDev.app */;
			productType = "com.apple.product-type.application";
		};
		A2876EAA23086E6300565829 /* Dangerfield-IntroToAppDevTests */ = {
			isa = PBXNativeTarget;
			buildConfigurationList = A2876EB723086E6300565829 /* Build configuration list for PBXNativeTarget "Dangerfield-IntroToAppDevTests" */;
			buildPhases = (
				A2876EA723086E6300565829 /* Sources */,
				A2876EA823086E6300565829 /* Frameworks */,
				A2876EA923086E6300565829 /* Resources */,
			);
			buildRules = (
			);
			dependencies = (
				A2876EAD23086E6300565829 /* PBXTargetDependency */,
			);
			name = "Dangerfield-IntroToAppDevTests";
			productName = "Dangerfield-IntroToAppDevTests";
			productReference = A2876EAB23086E6300565829 /* Dangerfield-IntroToAppDevTests.xctest */;
			productType = "com.apple.product-type.bundle.unit-test";
		};
/* End PBXNativeTarget section */

/* Begin PBXProject section */
		A2876E8F23086E6000565829 /* Project object */ = {
			isa = PBXProject;
			attributes = {
				LastSwiftUpdateCheck = 1020;
				LastUpgradeCheck = 1020;
				ORGANIZATIONNAME = "Jacob Rakidzich";
				TargetAttributes = {
					A2876E9623086E6000565829 = {
						CreatedOnToolsVersion = 10.2;
					};
					A2876EAA23086E6300565829 = {
						CreatedOnToolsVersion = 10.2;
						TestTargetID = A2876E9623086E6000565829;
					};
				};
			};
			buildConfigurationList = A2876E9223086E6000565829 /* Build configuration list for PBXProject "Dangerfield-IntroToAppDev" */;
			compatibilityVersion = "Xcode 9.3";
			developmentRegion = en;
			hasScannedForEncodings = 0;
			knownRegions = (
				en,
				Base,
			);
			mainGroup = A2876E8E23086E6000565829;
			productRefGroup = A2876E9823086E6000565829 /* Products */;
			projectDirPath = "";
			projectRoot = "";
			targets = (
				A2876E9623086E6000565829 /* Dangerfield-IntroToAppDev */,
				A2876EAA23086E6300565829 /* Dangerfield-IntroToAppDevTests */,
			);
		};
/* End PBXProject section */

/* Begin PBXResourcesBuildPhase section */
		A2876E9523086E6000565829 /* Resources */ = {
			isa = PBXResourcesBuildPhase;
			buildActionMask = 2147483647;
			files = (
				A2876EA523086E6300565829 /* LaunchScreen.storyboard in Resources */,
				5A8F30132308BB40000A374F /* GoogleService-Info.plist in Resources */,
				A2876EA223086E6300565829 /* Assets.xcassets in Resources */,
			);
			runOnlyForDeploymentPostprocessing = 0;
		};
		A2876EA923086E6300565829 /* Resources */ = {
			isa = PBXResourcesBuildPhase;
			buildActionMask = 2147483647;
			files = (
			);
			runOnlyForDeploymentPostprocessing = 0;
		};
/* End PBXResourcesBuildPhase section */

/* Begin PBXShellScriptBuildPhase section */
		A2876EBA23086FA400565829 /* SwiftLint */ = {
			isa = PBXShellScriptBuildPhase;
			buildActionMask = 2147483647;
			files = (
			);
			inputFileListPaths = (
			);
			inputPaths = (
			);
			name = SwiftLint;
			outputFileListPaths = (
			);
			outputPaths = (
			);
			runOnlyForDeploymentPostprocessing = 0;
			shellPath = /bin/sh;
			shellScript = "# Type a script or drag a script file from your workspace to insert its path.\nif which swiftlint >/dev/null; then\nswiftlint\nelse\necho \"warning: SwiftLint not installed, download from https://github.com/realm/SwiftLint\"\nfi\n";
		};
		A2876EBB23086FB700565829 /* SwiftLint autoCorrect */ = {
			isa = PBXShellScriptBuildPhase;
			buildActionMask = 2147483647;
			files = (
			);
			inputFileListPaths = (
			);
			inputPaths = (
			);
			name = "SwiftLint autoCorrect";
			outputFileListPaths = (
			);
			outputPaths = (
			);
			runOnlyForDeploymentPostprocessing = 0;
			shellPath = /bin/sh;
			shellScript = "if [ \"${CONFIGURATION}\" = \"Debug\" ]; then\nif which swiftlint >/dev/null; then\nswiftlint autocorrect\nelse\necho \"warning: SwiftLint not installed, download from https://github.com/realm/SwiftLint or run brew install swiftlint from your CLI\"\nfi\nelse\necho \"warning: Skipping SwiftLint autocorrect, this is not a Debug build\"\nfi\n";
		};
		A2876EC223087D5D00565829 /* Carthage */ = {
			isa = PBXShellScriptBuildPhase;
			buildActionMask = 2147483647;
			files = (
			);
			inputFileListPaths = (
			);
			inputPaths = (
				"$(SRCROOT)/Carthage/Build/iOS/GoogleSignIn.framework",
			);
			name = Carthage;
			outputFileListPaths = (
			);
			outputPaths = (
				"$(DERIVED_FILE_DIR)/$(FRAMEWORKS_FOLDER_PATH)/GoogleSignIn.framework",
			);
			runOnlyForDeploymentPostprocessing = 0;
			shellPath = /bin/sh;
			shellScript = "# Type a script or drag a script file from your workspace to insert its path.\n${PROJECT_DIR}/Carthage/Build/iOS/Fabric.framework/run\\\n\n/usr/local/bin/carthage copy-frameworks\n";
		};
/* End PBXShellScriptBuildPhase section */

/* Begin PBXSourcesBuildPhase section */
		A2876E9323086E6000565829 /* Sources */ = {
			isa = PBXSourcesBuildPhase;
			buildActionMask = 2147483647;
			files = (
				5A8F30262309BB60000A374F /* SignInView.swift in Sources */,
				5A8F301C2309AC05000A374F /* Constraints.swift in Sources */,
				5A8F30202309AC47000A374F /* Colors.swift in Sources */,
				A2876E9B23086E6000565829 /* AppDelegate.swift in Sources */,
				5A8F301A2309ABF5000A374F /* MainView.swift in Sources */,
				5A8F30242309BB04000A374F /* SignInViewController.swift in Sources */,
				5A8F30152309AB67000A374F /* WelcomeViewController.swift in Sources */,
				5A8F301E2309AC2E000A374F /* UIElementSizes.swift in Sources */,
				5A8F30222309AFC1000A374F /* ActionButton.swift in Sources */,
			);
			runOnlyForDeploymentPostprocessing = 0;
		};
		A2876EA723086E6300565829 /* Sources */ = {
			isa = PBXSourcesBuildPhase;
			buildActionMask = 2147483647;
			files = (
				A2876EB023086E6300565829 /* Dangerfield_IntroToAppDevTests.swift in Sources */,
			);
			runOnlyForDeploymentPostprocessing = 0;
		};
/* End PBXSourcesBuildPhase section */

/* Begin PBXTargetDependency section */
		A2876EAD23086E6300565829 /* PBXTargetDependency */ = {
			isa = PBXTargetDependency;
			target = A2876E9623086E6000565829 /* Dangerfield-IntroToAppDev */;
			targetProxy = A2876EAC23086E6300565829 /* PBXContainerItemProxy */;
		};
/* End PBXTargetDependency section */

/* Begin PBXVariantGroup section */
		A2876EA323086E6300565829 /* LaunchScreen.storyboard */ = {
			isa = PBXVariantGroup;
			children = (
				A2876EA423086E6300565829 /* Base */,
			);
			name = LaunchScreen.storyboard;
			sourceTree = "<group>";
		};
/* End PBXVariantGroup section */

/* Begin XCBuildConfiguration section */
		A2876EB223086E6300565829 /* Debug */ = {
			isa = XCBuildConfiguration;
			buildSettings = {
				ALWAYS_SEARCH_USER_PATHS = NO;
				CLANG_ANALYZER_NONNULL = YES;
				CLANG_ANALYZER_NUMBER_OBJECT_CONVERSION = YES_AGGRESSIVE;
				CLANG_CXX_LANGUAGE_STANDARD = "gnu++14";
				CLANG_CXX_LIBRARY = "libc++";
				CLANG_ENABLE_MODULES = YES;
				CLANG_ENABLE_OBJC_ARC = YES;
				CLANG_ENABLE_OBJC_WEAK = YES;
				CLANG_WARN_BLOCK_CAPTURE_AUTORELEASING = YES;
				CLANG_WARN_BOOL_CONVERSION = YES;
				CLANG_WARN_COMMA = YES;
				CLANG_WARN_CONSTANT_CONVERSION = YES;
				CLANG_WARN_DEPRECATED_OBJC_IMPLEMENTATIONS = YES;
				CLANG_WARN_DIRECT_OBJC_ISA_USAGE = YES_ERROR;
				CLANG_WARN_DOCUMENTATION_COMMENTS = YES;
				CLANG_WARN_EMPTY_BODY = YES;
				CLANG_WARN_ENUM_CONVERSION = YES;
				CLANG_WARN_INFINITE_RECURSION = YES;
				CLANG_WARN_INT_CONVERSION = YES;
				CLANG_WARN_NON_LITERAL_NULL_CONVERSION = YES;
				CLANG_WARN_OBJC_IMPLICIT_RETAIN_SELF = YES;
				CLANG_WARN_OBJC_LITERAL_CONVERSION = YES;
				CLANG_WARN_OBJC_ROOT_CLASS = YES_ERROR;
				CLANG_WARN_RANGE_LOOP_ANALYSIS = YES;
				CLANG_WARN_STRICT_PROTOTYPES = YES;
				CLANG_WARN_SUSPICIOUS_MOVE = YES;
				CLANG_WARN_UNGUARDED_AVAILABILITY = YES_AGGRESSIVE;
				CLANG_WARN_UNREACHABLE_CODE = YES;
				CLANG_WARN__DUPLICATE_METHOD_MATCH = YES;
				CODE_SIGN_IDENTITY = "iPhone Developer";
				COPY_PHASE_STRIP = NO;
				DEBUG_INFORMATION_FORMAT = "dwarf-with-dsym";
				ENABLE_STRICT_OBJC_MSGSEND = YES;
				ENABLE_TESTABILITY = YES;
				GCC_C_LANGUAGE_STANDARD = gnu11;
				GCC_DYNAMIC_NO_PIC = NO;
				GCC_NO_COMMON_BLOCKS = YES;
				GCC_OPTIMIZATION_LEVEL = 0;
				GCC_PREPROCESSOR_DEFINITIONS = (
					"DEBUG=1",
					"$(inherited)",
				);
				GCC_WARN_64_TO_32_BIT_CONVERSION = YES;
				GCC_WARN_ABOUT_RETURN_TYPE = YES_ERROR;
				GCC_WARN_UNDECLARED_SELECTOR = YES;
				GCC_WARN_UNINITIALIZED_AUTOS = YES_AGGRESSIVE;
				GCC_WARN_UNUSED_FUNCTION = YES;
				GCC_WARN_UNUSED_VARIABLE = YES;
				IPHONEOS_DEPLOYMENT_TARGET = 12.1;
				MTL_ENABLE_DEBUG_INFO = INCLUDE_SOURCE;
				MTL_FAST_MATH = YES;
				ONLY_ACTIVE_ARCH = YES;
				SDKROOT = iphoneos;
				SWIFT_ACTIVE_COMPILATION_CONDITIONS = DEBUG;
				SWIFT_OPTIMIZATION_LEVEL = "-Onone";
			};
			name = Debug;
		};
		A2876EB323086E6300565829 /* Release */ = {
			isa = XCBuildConfiguration;
			buildSettings = {
				ALWAYS_SEARCH_USER_PATHS = NO;
				CLANG_ANALYZER_NONNULL = YES;
				CLANG_ANALYZER_NUMBER_OBJECT_CONVERSION = YES_AGGRESSIVE;
				CLANG_CXX_LANGUAGE_STANDARD = "gnu++14";
				CLANG_CXX_LIBRARY = "libc++";
				CLANG_ENABLE_MODULES = YES;
				CLANG_ENABLE_OBJC_ARC = YES;
				CLANG_ENABLE_OBJC_WEAK = YES;
				CLANG_WARN_BLOCK_CAPTURE_AUTORELEASING = YES;
				CLANG_WARN_BOOL_CONVERSION = YES;
				CLANG_WARN_COMMA = YES;
				CLANG_WARN_CONSTANT_CONVERSION = YES;
				CLANG_WARN_DEPRECATED_OBJC_IMPLEMENTATIONS = YES;
				CLANG_WARN_DIRECT_OBJC_ISA_USAGE = YES_ERROR;
				CLANG_WARN_DOCUMENTATION_COMMENTS = YES;
				CLANG_WARN_EMPTY_BODY = YES;
				CLANG_WARN_ENUM_CONVERSION = YES;
				CLANG_WARN_INFINITE_RECURSION = YES;
				CLANG_WARN_INT_CONVERSION = YES;
				CLANG_WARN_NON_LITERAL_NULL_CONVERSION = YES;
				CLANG_WARN_OBJC_IMPLICIT_RETAIN_SELF = YES;
				CLANG_WARN_OBJC_LITERAL_CONVERSION = YES;
				CLANG_WARN_OBJC_ROOT_CLASS = YES_ERROR;
				CLANG_WARN_RANGE_LOOP_ANALYSIS = YES;
				CLANG_WARN_STRICT_PROTOTYPES = YES;
				CLANG_WARN_SUSPICIOUS_MOVE = YES;
				CLANG_WARN_UNGUARDED_AVAILABILITY = YES_AGGRESSIVE;
				CLANG_WARN_UNREACHABLE_CODE = YES;
				CLANG_WARN__DUPLICATE_METHOD_MATCH = YES;
				CODE_SIGN_IDENTITY = "iPhone Developer";
				COPY_PHASE_STRIP = NO;
				DEBUG_INFORMATION_FORMAT = "dwarf-with-dsym";
				ENABLE_NS_ASSERTIONS = NO;
				ENABLE_STRICT_OBJC_MSGSEND = YES;
				GCC_C_LANGUAGE_STANDARD = gnu11;
				GCC_NO_COMMON_BLOCKS = YES;
				GCC_WARN_64_TO_32_BIT_CONVERSION = YES;
				GCC_WARN_ABOUT_RETURN_TYPE = YES_ERROR;
				GCC_WARN_UNDECLARED_SELECTOR = YES;
				GCC_WARN_UNINITIALIZED_AUTOS = YES_AGGRESSIVE;
				GCC_WARN_UNUSED_FUNCTION = YES;
				GCC_WARN_UNUSED_VARIABLE = YES;
				IPHONEOS_DEPLOYMENT_TARGET = 12.1;
				MTL_ENABLE_DEBUG_INFO = NO;
				MTL_FAST_MATH = YES;
				SDKROOT = iphoneos;
				SWIFT_COMPILATION_MODE = wholemodule;
				SWIFT_OPTIMIZATION_LEVEL = "-O";
				VALIDATE_PRODUCT = YES;
			};
			name = Release;
		};
		A2876EB523086E6300565829 /* Debug */ = {
			isa = XCBuildConfiguration;
			buildSettings = {
				ASSETCATALOG_COMPILER_APPICON_NAME = AppIcon;
				CODE_SIGN_STYLE = Automatic;
				DEVELOPMENT_TEAM = MSMDV43SUS;
				ENABLE_BITCODE = NO;
				FRAMEWORK_SEARCH_PATHS = (
					"$(inherited)",
					"$(PROJECT_DIR)/Carthage/Build/iOS",
				);
				INFOPLIST_FILE = "Dangerfield-IntroToAppDev/Info.plist";
				LD_RUNPATH_SEARCH_PATHS = (
					"$(inherited)",
					"@executable_path/Frameworks",
				);
				OTHER_LDFLAGS = "";
				PRODUCT_BUNDLE_IDENTIFIER = "com.jacob.rakidzich.Dangerfield-IntroToAppDev";
				PRODUCT_NAME = "$(TARGET_NAME)";
				SWIFT_VERSION = 5.0;
				SYSTEM_FRAMEWORK_SEARCH_PATHS = (
					"$(PROJECT_DIR)/Carthage/Build/iOS",
					"$(PROJECT_DIR)/Frameworks",
					"$(inherited)",
				);
				TARGETED_DEVICE_FAMILY = "1,2";
			};
			name = Debug;
		};
		A2876EB623086E6300565829 /* Release */ = {
			isa = XCBuildConfiguration;
			buildSettings = {
				ASSETCATALOG_COMPILER_APPICON_NAME = AppIcon;
				CODE_SIGN_STYLE = Automatic;
				DEVELOPMENT_TEAM = MSMDV43SUS;
				ENABLE_BITCODE = NO;
				FRAMEWORK_SEARCH_PATHS = (
					"$(inherited)",
					"$(PROJECT_DIR)/Carthage/Build/iOS",
				);
				INFOPLIST_FILE = "Dangerfield-IntroToAppDev/Info.plist";
				LD_RUNPATH_SEARCH_PATHS = (
					"$(inherited)",
					"@executable_path/Frameworks",
				);
				OTHER_LDFLAGS = "";
				PRODUCT_BUNDLE_IDENTIFIER = "com.jacob.rakidzich.Dangerfield-IntroToAppDev";
				PRODUCT_NAME = "$(TARGET_NAME)";
				SWIFT_VERSION = 5.0;
				SYSTEM_FRAMEWORK_SEARCH_PATHS = (
					"$(PROJECT_DIR)/Carthage/Build/iOS",
					"$(PROJECT_DIR)/Frameworks",
					"$(inherited)",
				);
				TARGETED_DEVICE_FAMILY = "1,2";
			};
			name = Release;
		};
		A2876EB823086E6300565829 /* Debug */ = {
			isa = XCBuildConfiguration;
			buildSettings = {
				ALWAYS_EMBED_SWIFT_STANDARD_LIBRARIES = YES;
				BUNDLE_LOADER = "$(TEST_HOST)";
				CODE_SIGN_STYLE = Automatic;
				DEVELOPMENT_TEAM = 63TU4F2Z6F;
				INFOPLIST_FILE = "Dangerfield-IntroToAppDevTests/Info.plist";
				LD_RUNPATH_SEARCH_PATHS = (
					"$(inherited)",
					"@executable_path/Frameworks",
					"@loader_path/Frameworks",
				);
				PRODUCT_BUNDLE_IDENTIFIER = "com.jacob.rakidzich.Dangerfield-IntroToAppDevTests";
				PRODUCT_NAME = "$(TARGET_NAME)";
				SWIFT_VERSION = 5.0;
				TARGETED_DEVICE_FAMILY = "1,2";
				TEST_HOST = "$(BUILT_PRODUCTS_DIR)/Dangerfield-IntroToAppDev.app/Dangerfield-IntroToAppDev";
			};
			name = Debug;
		};
		A2876EB923086E6300565829 /* Release */ = {
			isa = XCBuildConfiguration;
			buildSettings = {
				ALWAYS_EMBED_SWIFT_STANDARD_LIBRARIES = YES;
				BUNDLE_LOADER = "$(TEST_HOST)";
				CODE_SIGN_STYLE = Automatic;
				DEVELOPMENT_TEAM = 63TU4F2Z6F;
				INFOPLIST_FILE = "Dangerfield-IntroToAppDevTests/Info.plist";
				LD_RUNPATH_SEARCH_PATHS = (
					"$(inherited)",
					"@executable_path/Frameworks",
					"@loader_path/Frameworks",
				);
				PRODUCT_BUNDLE_IDENTIFIER = "com.jacob.rakidzich.Dangerfield-IntroToAppDevTests";
				PRODUCT_NAME = "$(TARGET_NAME)";
				SWIFT_VERSION = 5.0;
				TARGETED_DEVICE_FAMILY = "1,2";
				TEST_HOST = "$(BUILT_PRODUCTS_DIR)/Dangerfield-IntroToAppDev.app/Dangerfield-IntroToAppDev";
			};
			name = Release;
		};
/* End XCBuildConfiguration section */

/* Begin XCConfigurationList section */
		A2876E9223086E6000565829 /* Build configuration list for PBXProject "Dangerfield-IntroToAppDev" */ = {
			isa = XCConfigurationList;
			buildConfigurations = (
				A2876EB223086E6300565829 /* Debug */,
				A2876EB323086E6300565829 /* Release */,
			);
			defaultConfigurationIsVisible = 0;
			defaultConfigurationName = Release;
		};
		A2876EB423086E6300565829 /* Build configuration list for PBXNativeTarget "Dangerfield-IntroToAppDev" */ = {
			isa = XCConfigurationList;
			buildConfigurations = (
				A2876EB523086E6300565829 /* Debug */,
				A2876EB623086E6300565829 /* Release */,
			);
			defaultConfigurationIsVisible = 0;
			defaultConfigurationName = Release;
		};
		A2876EB723086E6300565829 /* Build configuration list for PBXNativeTarget "Dangerfield-IntroToAppDevTests" */ = {
			isa = XCConfigurationList;
			buildConfigurations = (
				A2876EB823086E6300565829 /* Debug */,
				A2876EB923086E6300565829 /* Release */,
			);
			defaultConfigurationIsVisible = 0;
			defaultConfigurationName = Release;
		};
/* End XCConfigurationList section */
	};
	rootObject = A2876E8F23086E6000565829 /* Project object */;
}
