// !$*UTF8*$!
{
	archiveVersion = 1;
	classes = {
	};
	objectVersion = 50;
	objects = {

/* Begin PBXBuildFile section */
		5A38D563231A0F9F006E25D1 /* WeatherMan.swift in Sources */ = {isa = PBXBuildFile; fileRef = 5A38D562231A0F9F006E25D1 /* WeatherMan.swift */; };
		5A38D566231A23DB006E25D1 /* ForecastStub.json in Resources */ = {isa = PBXBuildFile; fileRef = 5A38D565231A23DB006E25D1 /* ForecastStub.json */; };
		5A38D568231A2481006E25D1 /* Bang.swift in Sources */ = {isa = PBXBuildFile; fileRef = 5A38D567231A2481006E25D1 /* Bang.swift */; };
		5A38D56A231A2536006E25D1 /* OHHTTPStubs.swift in Sources */ = {isa = PBXBuildFile; fileRef = 5A38D569231A2536006E25D1 /* OHHTTPStubs.swift */; };
		5A38D56E231A25E5006E25D1 /* ForecastTests.swift in Sources */ = {isa = PBXBuildFile; fileRef = 5A38D56D231A25E5006E25D1 /* ForecastTests.swift */; };
		5A8E9308231A352900BCD1F3 /* Json+Conversion.swift in Sources */ = {isa = PBXBuildFile; fileRef = 5A8E9307231A352900BCD1F3 /* Json+Conversion.swift */; };
		5A8F30152309AB67000A374F /* WelcomeViewController.swift in Sources */ = {isa = PBXBuildFile; fileRef = 5A8F30142309AB67000A374F /* WelcomeViewController.swift */; };
		5A8F301A2309ABF5000A374F /* MainView.swift in Sources */ = {isa = PBXBuildFile; fileRef = 5A8F30192309ABF5000A374F /* MainView.swift */; };
		5A8F301C2309AC05000A374F /* Constraints.swift in Sources */ = {isa = PBXBuildFile; fileRef = 5A8F301B2309AC05000A374F /* Constraints.swift */; };
		5A8F301E2309AC2E000A374F /* UIElementSizes.swift in Sources */ = {isa = PBXBuildFile; fileRef = 5A8F301D2309AC2E000A374F /* UIElementSizes.swift */; };
		5A8F30202309AC47000A374F /* Colors.swift in Sources */ = {isa = PBXBuildFile; fileRef = 5A8F301F2309AC47000A374F /* Colors.swift */; };
		5A8F30222309AFC1000A374F /* ActionButton.swift in Sources */ = {isa = PBXBuildFile; fileRef = 5A8F30212309AFC1000A374F /* ActionButton.swift */; };
		5A8F30242309BB04000A374F /* SignInViewController.swift in Sources */ = {isa = PBXBuildFile; fileRef = 5A8F30232309BB04000A374F /* SignInViewController.swift */; };
		5A8F30262309BB60000A374F /* SignInView.swift in Sources */ = {isa = PBXBuildFile; fileRef = 5A8F30252309BB60000A374F /* SignInView.swift */; };
		5A8F30282309BF51000A374F /* SimpleTextField.swift in Sources */ = {isa = PBXBuildFile; fileRef = 5A8F30272309BF51000A374F /* SimpleTextField.swift */; };
		5A8F302B2309D17E000A374F /* Networker.swift in Sources */ = {isa = PBXBuildFile; fileRef = 5A8F302A2309D17E000A374F /* Networker.swift */; };
		5A8F302E2309D5FE000A374F /* String+validations.swift in Sources */ = {isa = PBXBuildFile; fileRef = 5A8F302D2309D5FE000A374F /* String+validations.swift */; };
		5A8F30302309D964000A374F /* CreateAlert.swift in Sources */ = {isa = PBXBuildFile; fileRef = 5A8F302F2309D964000A374F /* CreateAlert.swift */; };
		5A8F30322309DC34000A374F /* SignUpViewController.swift in Sources */ = {isa = PBXBuildFile; fileRef = 5A8F30312309DC34000A374F /* SignUpViewController.swift */; };
		5A8F30342309DC43000A374F /* SignUpView.swift in Sources */ = {isa = PBXBuildFile; fileRef = 5A8F30332309DC43000A374F /* SignUpView.swift */; };
		5A8F30362309E289000A374F /* GoogleService-Info.plist in Resources */ = {isa = PBXBuildFile; fileRef = 5A8F30352309E289000A374F /* GoogleService-Info.plist */; };
		5A8F30382309E5BA000A374F /* HomeViewController.swift in Sources */ = {isa = PBXBuildFile; fileRef = 5A8F30372309E5BA000A374F /* HomeViewController.swift */; };
		5A8F303A2309E629000A374F /* HomeView.swift in Sources */ = {isa = PBXBuildFile; fileRef = 5A8F30392309E629000A374F /* HomeView.swift */; };
		5AAA5055230A3B3C006A0941 /* Font+Decorations.swift in Sources */ = {isa = PBXBuildFile; fileRef = 5AAA5054230A3B3C006A0941 /* Font+Decorations.swift */; };
		5FABB83B87A3C63CC366B3D0 /* Pods_Dangerfield_IntroToAppDevTests.framework in Frameworks */ = {isa = PBXBuildFile; fileRef = 668C30C7A468DB5AEA48B638 /* Pods_Dangerfield_IntroToAppDevTests.framework */; };
		A2876E9B23086E6000565829 /* AppDelegate.swift in Sources */ = {isa = PBXBuildFile; fileRef = A2876E9A23086E6000565829 /* AppDelegate.swift */; };
		A2876EA223086E6300565829 /* Assets.xcassets in Resources */ = {isa = PBXBuildFile; fileRef = A2876EA123086E6300565829 /* Assets.xcassets */; };
		A2876EA523086E6300565829 /* LaunchScreen.storyboard in Resources */ = {isa = PBXBuildFile; fileRef = A2876EA323086E6300565829 /* LaunchScreen.storyboard */; };
		A2876EB023086E6300565829 /* Dangerfield_IntroToAppDevTests.swift in Sources */ = {isa = PBXBuildFile; fileRef = A2876EAF23086E6300565829 /* Dangerfield_IntroToAppDevTests.swift */; };
		E2F54D267C6581A17659AE5C /* Pods_Dangerfield_IntroToAppDev.framework in Frameworks */ = {isa = PBXBuildFile; fileRef = 6D29B9715AF86E8749D3CF80 /* Pods_Dangerfield_IntroToAppDev.framework */; };
/* End PBXBuildFile section */

/* Begin PBXContainerItemProxy section */
		A2876EAC23086E6300565829 /* PBXContainerItemProxy */ = {
			isa = PBXContainerItemProxy;
			containerPortal = A2876E8F23086E6000565829 /* Project object */;
			proxyType = 1;
			remoteGlobalIDString = A2876E9623086E6000565829;
			remoteInfo = "Dangerfield-IntroToAppDev";
		};
/* End PBXContainerItemProxy section */

/* Begin PBXFileReference section */
		5A38D562231A0F9F006E25D1 /* WeatherMan.swift */ = {isa = PBXFileReference; lastKnownFileType = sourcecode.swift; path = WeatherMan.swift; sourceTree = "<group>"; };
		5A38D565231A23DB006E25D1 /* ForecastStub.json */ = {isa = PBXFileReference; lastKnownFileType = text.json; path = ForecastStub.json; sourceTree = "<group>"; };
		5A38D567231A2481006E25D1 /* Bang.swift */ = {isa = PBXFileReference; lastKnownFileType = sourcecode.swift; path = Bang.swift; sourceTree = "<group>"; };
		5A38D569231A2536006E25D1 /* OHHTTPStubs.swift */ = {isa = PBXFileReference; lastKnownFileType = sourcecode.swift; path = OHHTTPStubs.swift; sourceTree = "<group>"; };
		5A38D56D231A25E5006E25D1 /* ForecastTests.swift */ = {isa = PBXFileReference; lastKnownFileType = sourcecode.swift; path = ForecastTests.swift; sourceTree = "<group>"; };
		5A8E9307231A352900BCD1F3 /* Json+Conversion.swift */ = {isa = PBXFileReference; lastKnownFileType = sourcecode.swift; path = "Json+Conversion.swift"; sourceTree = "<group>"; };
		5A8F30142309AB67000A374F /* WelcomeViewController.swift */ = {isa = PBXFileReference; lastKnownFileType = sourcecode.swift; path = WelcomeViewController.swift; sourceTree = "<group>"; };
		5A8F30192309ABF5000A374F /* MainView.swift */ = {isa = PBXFileReference; fileEncoding = 4; lastKnownFileType = sourcecode.swift; path = MainView.swift; sourceTree = "<group>"; };
		5A8F301B2309AC05000A374F /* Constraints.swift */ = {isa = PBXFileReference; fileEncoding = 4; lastKnownFileType = sourcecode.swift; path = Constraints.swift; sourceTree = "<group>"; };
		5A8F301D2309AC2E000A374F /* UIElementSizes.swift */ = {isa = PBXFileReference; fileEncoding = 4; lastKnownFileType = sourcecode.swift; path = UIElementSizes.swift; sourceTree = "<group>"; };
		5A8F301F2309AC47000A374F /* Colors.swift */ = {isa = PBXFileReference; fileEncoding = 4; lastKnownFileType = sourcecode.swift; path = Colors.swift; sourceTree = "<group>"; };
		5A8F30212309AFC1000A374F /* ActionButton.swift */ = {isa = PBXFileReference; lastKnownFileType = sourcecode.swift; path = ActionButton.swift; sourceTree = "<group>"; };
		5A8F30232309BB04000A374F /* SignInViewController.swift */ = {isa = PBXFileReference; lastKnownFileType = sourcecode.swift; path = SignInViewController.swift; sourceTree = "<group>"; };
		5A8F30252309BB60000A374F /* SignInView.swift */ = {isa = PBXFileReference; lastKnownFileType = sourcecode.swift; path = SignInView.swift; sourceTree = "<group>"; };
		5A8F30272309BF51000A374F /* SimpleTextField.swift */ = {isa = PBXFileReference; lastKnownFileType = sourcecode.swift; path = SimpleTextField.swift; sourceTree = "<group>"; };
		5A8F302A2309D17E000A374F /* Networker.swift */ = {isa = PBXFileReference; lastKnownFileType = sourcecode.swift; path = Networker.swift; sourceTree = "<group>"; };
		5A8F302D2309D5FE000A374F /* String+validations.swift */ = {isa = PBXFileReference; lastKnownFileType = sourcecode.swift; path = "String+validations.swift"; sourceTree = "<group>"; };
		5A8F302F2309D964000A374F /* CreateAlert.swift */ = {isa = PBXFileReference; lastKnownFileType = sourcecode.swift; path = CreateAlert.swift; sourceTree = "<group>"; };
		5A8F30312309DC34000A374F /* SignUpViewController.swift */ = {isa = PBXFileReference; lastKnownFileType = sourcecode.swift; path = SignUpViewController.swift; sourceTree = "<group>"; };
		5A8F30332309DC43000A374F /* SignUpView.swift */ = {isa = PBXFileReference; lastKnownFileType = sourcecode.swift; path = SignUpView.swift; sourceTree = "<group>"; };
		5A8F30352309E289000A374F /* GoogleService-Info.plist */ = {isa = PBXFileReference; fileEncoding = 4; lastKnownFileType = text.plist.xml; path = "GoogleService-Info.plist"; sourceTree = "<group>"; };
		5A8F30372309E5BA000A374F /* HomeViewController.swift */ = {isa = PBXFileReference; lastKnownFileType = sourcecode.swift; path = HomeViewController.swift; sourceTree = "<group>"; };
		5A8F30392309E629000A374F /* HomeView.swift */ = {isa = PBXFileReference; lastKnownFileType = sourcecode.swift; path = HomeView.swift; sourceTree = "<group>"; };
		5AAA5054230A3B3C006A0941 /* Font+Decorations.swift */ = {isa = PBXFileReference; lastKnownFileType = sourcecode.swift; path = "Font+Decorations.swift"; sourceTree = "<group>"; };
		668C30C7A468DB5AEA48B638 /* Pods_Dangerfield_IntroToAppDevTests.framework */ = {isa = PBXFileReference; explicitFileType = wrapper.framework; includeInIndex = 0; path = Pods_Dangerfield_IntroToAppDevTests.framework; sourceTree = BUILT_PRODUCTS_DIR; };
		6D29B9715AF86E8749D3CF80 /* Pods_Dangerfield_IntroToAppDev.framework */ = {isa = PBXFileReference; explicitFileType = wrapper.framework; includeInIndex = 0; path = Pods_Dangerfield_IntroToAppDev.framework; sourceTree = BUILT_PRODUCTS_DIR; };
		A2876E9723086E6000565829 /* Dangerfield-IntroToAppDev.app */ = {isa = PBXFileReference; explicitFileType = wrapper.application; includeInIndex = 0; path = "Dangerfield-IntroToAppDev.app"; sourceTree = BUILT_PRODUCTS_DIR; };
		A2876E9A23086E6000565829 /* AppDelegate.swift */ = {isa = PBXFileReference; lastKnownFileType = sourcecode.swift; path = AppDelegate.swift; sourceTree = "<group>"; };
		A2876EA123086E6300565829 /* Assets.xcassets */ = {isa = PBXFileReference; lastKnownFileType = folder.assetcatalog; path = Assets.xcassets; sourceTree = "<group>"; };
		A2876EA423086E6300565829 /* Base */ = {isa = PBXFileReference; lastKnownFileType = file.storyboard; name = Base; path = Base.lproj/LaunchScreen.storyboard; sourceTree = "<group>"; };
		A2876EA623086E6300565829 /* Info.plist */ = {isa = PBXFileReference; lastKnownFileType = text.plist.xml; path = Info.plist; sourceTree = "<group>"; };
		A2876EAB23086E6300565829 /* Dangerfield-IntroToAppDevTests.xctest */ = {isa = PBXFileReference; explicitFileType = wrapper.cfbundle; includeInIndex = 0; path = "Dangerfield-IntroToAppDevTests.xctest"; sourceTree = BUILT_PRODUCTS_DIR; };
		A2876EAF23086E6300565829 /* Dangerfield_IntroToAppDevTests.swift */ = {isa = PBXFileReference; lastKnownFileType = sourcecode.swift; path = Dangerfield_IntroToAppDevTests.swift; sourceTree = "<group>"; };
		A2876EB123086E6300565829 /* Info.plist */ = {isa = PBXFileReference; lastKnownFileType = text.plist.xml; path = Info.plist; sourceTree = "<group>"; };
/* End PBXFileReference section */

/* Begin PBXFrameworksBuildPhase section */
		A2876E9423086E6000565829 /* Frameworks */ = {
			isa = PBXFrameworksBuildPhase;
			buildActionMask = 2147483647;
			files = (
				E2F54D267C6581A17659AE5C /* Pods_Dangerfield_IntroToAppDev.framework in Frameworks */,
			);
			runOnlyForDeploymentPostprocessing = 0;
		};
		A2876EA823086E6300565829 /* Frameworks */ = {
			isa = PBXFrameworksBuildPhase;
			buildActionMask = 2147483647;
			files = (
				5FABB83B87A3C63CC366B3D0 /* Pods_Dangerfield_IntroToAppDevTests.framework in Frameworks */,
			);
			runOnlyForDeploymentPostprocessing = 0;
		};
/* End PBXFrameworksBuildPhase section */

/* Begin PBXGroup section */
		5A38D564231A23B7006E25D1 /* stubs */ = {
			isa = PBXGroup;
			children = (
				5A38D565231A23DB006E25D1 /* ForecastStub.json */,
			);
			path = stubs;
			sourceTree = "<group>";
		};
		5A38D56B231A259F006E25D1 /* utilities */ = {
			isa = PBXGroup;
			children = (
				5A38D567231A2481006E25D1 /* Bang.swift */,
				5A38D569231A2536006E25D1 /* OHHTTPStubs.swift */,
			);
			path = utilities;
			sourceTree = "<group>";
		};
		5A38D56C231A25B4006E25D1 /* Networking */ = {
			isa = PBXGroup;
			children = (
				5A38D56D231A25E5006E25D1 /* ForecastTests.swift */,
			);
			path = Networking;
			sourceTree = "<group>";
		};
		5A8E9306231A350100BCD1F3 /* Extensions */ = {
			isa = PBXGroup;
			children = (
				5A8E9307231A352900BCD1F3 /* Json+Conversion.swift */,
			);
			path = Extensions;
			sourceTree = "<group>";
		};
		5A8F30162309ABB9000A374F /* Views */ = {
			isa = PBXGroup;
			children = (
				5A8F30192309ABF5000A374F /* MainView.swift */,
				5A8F30252309BB60000A374F /* SignInView.swift */,
				5A8F30332309DC43000A374F /* SignUpView.swift */,
				5A8F30392309E629000A374F /* HomeView.swift */,
			);
			path = Views;
			sourceTree = "<group>";
		};
		5A8F30172309ABC3000A374F /* ViewControllers */ = {
			isa = PBXGroup;
			children = (
				5A8F30142309AB67000A374F /* WelcomeViewController.swift */,
				5A8F30232309BB04000A374F /* SignInViewController.swift */,
				5A8F30312309DC34000A374F /* SignUpViewController.swift */,
				5A8F30372309E5BA000A374F /* HomeViewController.swift */,
			);
			path = ViewControllers;
			sourceTree = "<group>";
		};
		5A8F30182309ABE2000A374F /* Custom */ = {
			isa = PBXGroup;
			children = (
				5A8F301F2309AC47000A374F /* Colors.swift */,
				5A8F301D2309AC2E000A374F /* UIElementSizes.swift */,
				5A8F301B2309AC05000A374F /* Constraints.swift */,
				5A8F30212309AFC1000A374F /* ActionButton.swift */,
				5A8F30272309BF51000A374F /* SimpleTextField.swift */,
				5A8F302F2309D964000A374F /* CreateAlert.swift */,
			);
			path = Custom;
			sourceTree = "<group>";
		};
		5A8F30292309D158000A374F /* Networking */ = {
			isa = PBXGroup;
			children = (
				5A8F302A2309D17E000A374F /* Networker.swift */,
				5A38D562231A0F9F006E25D1 /* WeatherMan.swift */,
			);
			path = Networking;
			sourceTree = "<group>";
		};
		5A8F302C2309D5C3000A374F /* Extensions */ = {
			isa = PBXGroup;
			children = (
				5A8F302D2309D5FE000A374F /* String+validations.swift */,
				5AAA5054230A3B3C006A0941 /* Font+Decorations.swift */,
			);
			path = Extensions;
			sourceTree = "<group>";
		};
		A2876E8E23086E6000565829 = {
			isa = PBXGroup;
			children = (
				A2876E9923086E6000565829 /* Dangerfield-IntroToAppDev */,
				A2876EAE23086E6300565829 /* Dangerfield-IntroToAppDevTests */,
				A2876E9823086E6000565829 /* Products */,
				FD53824B21C610818EA7A064 /* Frameworks */,
			);
			sourceTree = "<group>";
		};
		A2876E9823086E6000565829 /* Products */ = {
			isa = PBXGroup;
			children = (
				A2876E9723086E6000565829 /* Dangerfield-IntroToAppDev.app */,
				A2876EAB23086E6300565829 /* Dangerfield-IntroToAppDevTests.xctest */,
			);
			name = Products;
			sourceTree = "<group>";
		};
		A2876E9923086E6000565829 /* Dangerfield-IntroToAppDev */ = {
			isa = PBXGroup;
			children = (
				5A8F302C2309D5C3000A374F /* Extensions */,
				5A8F30292309D158000A374F /* Networking */,
				5A8F30182309ABE2000A374F /* Custom */,
				5A8F30172309ABC3000A374F /* ViewControllers */,
				5A8F30162309ABB9000A374F /* Views */,
				A2876E9A23086E6000565829 /* AppDelegate.swift */,
				A2876EA123086E6300565829 /* Assets.xcassets */,
				A2876EA323086E6300565829 /* LaunchScreen.storyboard */,
				5A8F30352309E289000A374F /* GoogleService-Info.plist */,
				A2876EA623086E6300565829 /* Info.plist */,
			);
			path = "Dangerfield-IntroToAppDev";
			sourceTree = "<group>";
		};
		A2876EAE23086E6300565829 /* Dangerfield-IntroToAppDevTests */ = {
			isa = PBXGroup;
			children = (
				5A8E9306231A350100BCD1F3 /* Extensions */,
				5A38D56C231A25B4006E25D1 /* Networking */,
				5A38D564231A23B7006E25D1 /* stubs */,
				A2876EAF23086E6300565829 /* Dangerfield_IntroToAppDevTests.swift */,
				A2876EB123086E6300565829 /* Info.plist */,
				5A38D56B231A259F006E25D1 /* utilities */,
			);
			path = "Dangerfield-IntroToAppDevTests";
			sourceTree = "<group>";
		};
		FD53824B21C610818EA7A064 /* Frameworks */ = {
			isa = PBXGroup;
			children = (
				6D29B9715AF86E8749D3CF80 /* Pods_Dangerfield_IntroToAppDev.framework */,
				668C30C7A468DB5AEA48B638 /* Pods_Dangerfield_IntroToAppDevTests.framework */,
			);
			name = Frameworks;
			sourceTree = "<group>";
		};
/* End PBXGroup section */

/* Begin PBXNativeTarget section */
		A2876E9623086E6000565829 /* Dangerfield-IntroToAppDev */ = {
			isa = PBXNativeTarget;
			buildConfigurationList = A2876EB423086E6300565829 /* Build configuration list for PBXNativeTarget "Dangerfield-IntroToAppDev" */;
			buildPhases = (
				BA638AE4D37C4C63872A37AA /* [CP] Check Pods Manifest.lock */,
				A2876E9323086E6000565829 /* Sources */,
				A2876E9423086E6000565829 /* Frameworks */,
				A2876E9523086E6000565829 /* Resources */,
				A2876EBA23086FA400565829 /* SwiftLint */,
				A2876EBB23086FB700565829 /* SwiftLint autoCorrect */,
				3A8659B5F6AEBE14085F8962 /* [CP] Embed Pods Frameworks */,
			);
			buildRules = (
			);
			dependencies = (
			);
			name = "Dangerfield-IntroToAppDev";
			productName = "Dangerfield-IntroToAppDev";
			productReference = A2876E9723086E6000565829 /* Dangerfield-IntroToAppDev.app */;
			productType = "com.apple.product-type.application";
		};
		A2876EAA23086E6300565829 /* Dangerfield-IntroToAppDevTests */ = {
			isa = PBXNativeTarget;
			buildConfigurationList = A2876EB723086E6300565829 /* Build configuration list for PBXNativeTarget "Dangerfield-IntroToAppDevTests" */;
			buildPhases = (
				9C8C14D576161E0F7D6FAA95 /* [CP] Check Pods Manifest.lock */,
				A2876EA723086E6300565829 /* Sources */,
				A2876EA823086E6300565829 /* Frameworks */,
				A2876EA923086E6300565829 /* Resources */,
			);
			buildRules = (
			);
			dependencies = (
				A2876EAD23086E6300565829 /* PBXTargetDependency */,
			);
			name = "Dangerfield-IntroToAppDevTests";
			productName = "Dangerfield-IntroToAppDevTests";
			productReference = A2876EAB23086E6300565829 /* Dangerfield-IntroToAppDevTests.xctest */;
			productType = "com.apple.product-type.bundle.unit-test";
		};
/* End PBXNativeTarget section */

/* Begin PBXProject section */
		A2876E8F23086E6000565829 /* Project object */ = {
			isa = PBXProject;
			attributes = {
				LastSwiftUpdateCheck = 1020;
				LastUpgradeCheck = 1020;
				ORGANIZATIONNAME = "Jacob Rakidzich";
				TargetAttributes = {
					A2876E9623086E6000565829 = {
						CreatedOnToolsVersion = 10.2;
					};
					A2876EAA23086E6300565829 = {
						CreatedOnToolsVersion = 10.2;
						TestTargetID = A2876E9623086E6000565829;
					};
				};
			};
			buildConfigurationList = A2876E9223086E6000565829 /* Build configuration list for PBXProject "Dangerfield-IntroToAppDev" */;
			compatibilityVersion = "Xcode 9.3";
			developmentRegion = en;
			hasScannedForEncodings = 0;
			knownRegions = (
				en,
				Base,
			);
			mainGroup = A2876E8E23086E6000565829;
			productRefGroup = A2876E9823086E6000565829 /* Products */;
			projectDirPath = "";
			projectRoot = "";
			targets = (
				A2876E9623086E6000565829 /* Dangerfield-IntroToAppDev */,
				A2876EAA23086E6300565829 /* Dangerfield-IntroToAppDevTests */,
			);
		};
/* End PBXProject section */

/* Begin PBXResourcesBuildPhase section */
		A2876E9523086E6000565829 /* Resources */ = {
			isa = PBXResourcesBuildPhase;
			buildActionMask = 2147483647;
			files = (
				A2876EA523086E6300565829 /* LaunchScreen.storyboard in Resources */,
				A2876EA223086E6300565829 /* Assets.xcassets in Resources */,
				5A8F30362309E289000A374F /* GoogleService-Info.plist in Resources */,
			);
			runOnlyForDeploymentPostprocessing = 0;
		};
		A2876EA923086E6300565829 /* Resources */ = {
			isa = PBXResourcesBuildPhase;
			buildActionMask = 2147483647;
			files = (
				5A38D566231A23DB006E25D1 /* ForecastStub.json in Resources */,
			);
			runOnlyForDeploymentPostprocessing = 0;
		};
/* End PBXResourcesBuildPhase section */

/* Begin PBXShellScriptBuildPhase section */
		3A8659B5F6AEBE14085F8962 /* [CP] Embed Pods Frameworks */ = {
			isa = PBXShellScriptBuildPhase;
			buildActionMask = 2147483647;
			files = (
			);
			inputFileListPaths = (
			);
			inputPaths = (
				"${PODS_ROOT}/Target Support Files/Pods-Dangerfield-IntroToAppDev/Pods-Dangerfield-IntroToAppDev-frameworks.sh",
				"${BUILT_PRODUCTS_DIR}/GTMSessionFetcher/GTMSessionFetcher.framework",
				"${BUILT_PRODUCTS_DIR}/GoogleUtilities/GoogleUtilities.framework",
				"${BUILT_PRODUCTS_DIR}/nanopb/nanopb.framework",
			);
			name = "[CP] Embed Pods Frameworks";
			outputFileListPaths = (
			);
			outputPaths = (
				"${TARGET_BUILD_DIR}/${FRAMEWORKS_FOLDER_PATH}/GTMSessionFetcher.framework",
				"${TARGET_BUILD_DIR}/${FRAMEWORKS_FOLDER_PATH}/GoogleUtilities.framework",
				"${TARGET_BUILD_DIR}/${FRAMEWORKS_FOLDER_PATH}/nanopb.framework",
			);
			runOnlyForDeploymentPostprocessing = 0;
			shellPath = /bin/sh;
			shellScript = "\"${PODS_ROOT}/Target Support Files/Pods-Dangerfield-IntroToAppDev/Pods-Dangerfield-IntroToAppDev-frameworks.sh\"\n";
			showEnvVarsInLog = 0;
		};
		9C8C14D576161E0F7D6FAA95 /* [CP] Check Pods Manifest.lock */ = {
			isa = PBXShellScriptBuildPhase;
			buildActionMask = 2147483647;
			files = (
			);
			inputFileListPaths = (
			);
			inputPaths = (
				"${PODS_PODFILE_DIR_PATH}/Podfile.lock",
				"${PODS_ROOT}/Manifest.lock",
			);
			name = "[CP] Check Pods Manifest.lock";
			outputFileListPaths = (
			);
			outputPaths = (
				"$(DERIVED_FILE_DIR)/Pods-Dangerfield-IntroToAppDevTests-checkManifestLockResult.txt",
			);
			runOnlyForDeploymentPostprocessing = 0;
			shellPath = /bin/sh;
			shellScript = "diff \"${PODS_PODFILE_DIR_PATH}/Podfile.lock\" \"${PODS_ROOT}/Manifest.lock\" > /dev/null\nif [ $? != 0 ] ; then\n    # print error to STDERR\n    echo \"error: The sandbox is not in sync with the Podfile.lock. Run 'pod install' or update your CocoaPods installation.\" >&2\n    exit 1\nfi\n# This output is used by Xcode 'outputs' to avoid re-running this script phase.\necho \"SUCCESS\" > \"${SCRIPT_OUTPUT_FILE_0}\"\n";
			showEnvVarsInLog = 0;
		};
		A2876EBA23086FA400565829 /* SwiftLint */ = {
			isa = PBXShellScriptBuildPhase;
			buildActionMask = 2147483647;
			files = (
			);
			inputFileListPaths = (
			);
			inputPaths = (
			);
			name = SwiftLint;
			outputFileListPaths = (
			);
			outputPaths = (
			);
			runOnlyForDeploymentPostprocessing = 0;
			shellPath = /bin/sh;
			shellScript = "# Type a script or drag a script file from your workspace to insert its path.\nif which swiftlint >/dev/null; then\nswiftlint\nelse\necho \"warning: SwiftLint not installed, download from https://github.com/realm/SwiftLint\"\nfi\n";
		};
		A2876EBB23086FB700565829 /* SwiftLint autoCorrect */ = {
			isa = PBXShellScriptBuildPhase;
			buildActionMask = 2147483647;
			files = (
			);
			inputFileListPaths = (
			);
			inputPaths = (
			);
			name = "SwiftLint autoCorrect";
			outputFileListPaths = (
			);
			outputPaths = (
			);
			runOnlyForDeploymentPostprocessing = 0;
			shellPath = /bin/sh;
			shellScript = "if [ \"${CONFIGURATION}\" = \"Debug\" ]; then\nif which swiftlint >/dev/null; then\nswiftlint autocorrect\nelse\necho \"warning: SwiftLint not installed, download from https://github.com/realm/SwiftLint or run brew install swiftlint from your CLI\"\nfi\nelse\necho \"warning: Skipping SwiftLint autocorrect, this is not a Debug build\"\nfi\n";
		};
		BA638AE4D37C4C63872A37AA /* [CP] Check Pods Manifest.lock */ = {
			isa = PBXShellScriptBuildPhase;
			buildActionMask = 2147483647;
			files = (
			);
			inputFileListPaths = (
			);
			inputPaths = (
				"${PODS_PODFILE_DIR_PATH}/Podfile.lock",
				"${PODS_ROOT}/Manifest.lock",
			);
			name = "[CP] Check Pods Manifest.lock";
			outputFileListPaths = (
			);
			outputPaths = (
				"$(DERIVED_FILE_DIR)/Pods-Dangerfield-IntroToAppDev-checkManifestLockResult.txt",
			);
			runOnlyForDeploymentPostprocessing = 0;
			shellPath = /bin/sh;
			shellScript = "diff \"${PODS_PODFILE_DIR_PATH}/Podfile.lock\" \"${PODS_ROOT}/Manifest.lock\" > /dev/null\nif [ $? != 0 ] ; then\n    # print error to STDERR\n    echo \"error: The sandbox is not in sync with the Podfile.lock. Run 'pod install' or update your CocoaPods installation.\" >&2\n    exit 1\nfi\n# This output is used by Xcode 'outputs' to avoid re-running this script phase.\necho \"SUCCESS\" > \"${SCRIPT_OUTPUT_FILE_0}\"\n";
			showEnvVarsInLog = 0;
		};
/* End PBXShellScriptBuildPhase section */

/* Begin PBXSourcesBuildPhase section */
		A2876E9323086E6000565829 /* Sources */ = {
			isa = PBXSourcesBuildPhase;
			buildActionMask = 2147483647;
			files = (
				5A8F302E2309D5FE000A374F /* String+validations.swift in Sources */,
				5A8F30342309DC43000A374F /* SignUpView.swift in Sources */,
				5A38D563231A0F9F006E25D1 /* WeatherMan.swift in Sources */,
				5A8F302B2309D17E000A374F /* Networker.swift in Sources */,
				5A8F30262309BB60000A374F /* SignInView.swift in Sources */,
				5AAA5055230A3B3C006A0941 /* Font+Decorations.swift in Sources */,
				5A8F301C2309AC05000A374F /* Constraints.swift in Sources */,
				5A8F303A2309E629000A374F /* HomeView.swift in Sources */,
				5A8F30202309AC47000A374F /* Colors.swift in Sources */,
				A2876E9B23086E6000565829 /* AppDelegate.swift in Sources */,
				5A8F30302309D964000A374F /* CreateAlert.swift in Sources */,
				5A8F301A2309ABF5000A374F /* MainView.swift in Sources */,
				5A8F30322309DC34000A374F /* SignUpViewController.swift in Sources */,
				5A8F30242309BB04000A374F /* SignInViewController.swift in Sources */,
				5A8F30382309E5BA000A374F /* HomeViewController.swift in Sources */,
				5A8F30152309AB67000A374F /* WelcomeViewController.swift in Sources */,
				5A8F301E2309AC2E000A374F /* UIElementSizes.swift in Sources */,
				5A8F30222309AFC1000A374F /* ActionButton.swift in Sources */,
				5A8F30282309BF51000A374F /* SimpleTextField.swift in Sources */,
			);
			runOnlyForDeploymentPostprocessing = 0;
		};
		A2876EA723086E6300565829 /* Sources */ = {
			isa = PBXSourcesBuildPhase;
			buildActionMask = 2147483647;
			files = (
				5A38D56E231A25E5006E25D1 /* ForecastTests.swift in Sources */,
				5A38D56A231A2536006E25D1 /* OHHTTPStubs.swift in Sources */,
				A2876EB023086E6300565829 /* Dangerfield_IntroToAppDevTests.swift in Sources */,
				5A8E9308231A352900BCD1F3 /* Json+Conversion.swift in Sources */,
				5A38D568231A2481006E25D1 /* Bang.swift in Sources */,
			);
			runOnlyForDeploymentPostprocessing = 0;
		};
/* End PBXSourcesBuildPhase section */

/* Begin PBXTargetDependency section */
		A2876EAD23086E6300565829 /* PBXTargetDependency */ = {
			isa = PBXTargetDependency;
			target = A2876E9623086E6000565829 /* Dangerfield-IntroToAppDev */;
			targetProxy = A2876EAC23086E6300565829 /* PBXContainerItemProxy */;
		};
/* End PBXTargetDependency section */

/* Begin PBXVariantGroup section */
		A2876EA323086E6300565829 /* LaunchScreen.storyboard */ = {
			isa = PBXVariantGroup;
			children = (
				A2876EA423086E6300565829 /* Base */,
			);
			name = LaunchScreen.storyboard;
			sourceTree = "<group>";
		};
/* End PBXVariantGroup section */

/* Begin XCBuildConfiguration section */
		A2876EB223086E6300565829 /* Debug */ = {
			isa = XCBuildConfiguration;
			buildSettings = {
				ALWAYS_SEARCH_USER_PATHS = NO;
				CLANG_ANALYZER_NONNULL = YES;
				CLANG_ANALYZER_NUMBER_OBJECT_CONVERSION = YES_AGGRESSIVE;
				CLANG_CXX_LANGUAGE_STANDARD = "gnu++14";
				CLANG_CXX_LIBRARY = "libc++";
				CLANG_ENABLE_MODULES = YES;
				CLANG_ENABLE_OBJC_ARC = YES;
				CLANG_ENABLE_OBJC_WEAK = YES;
				CLANG_WARN_BLOCK_CAPTURE_AUTORELEASING = YES;
				CLANG_WARN_BOOL_CONVERSION = YES;
				CLANG_WARN_COMMA = YES;
				CLANG_WARN_CONSTANT_CONVERSION = YES;
				CLANG_WARN_DEPRECATED_OBJC_IMPLEMENTATIONS = YES;
				CLANG_WARN_DIRECT_OBJC_ISA_USAGE = YES_ERROR;
				CLANG_WARN_DOCUMENTATION_COMMENTS = YES;
				CLANG_WARN_EMPTY_BODY = YES;
				CLANG_WARN_ENUM_CONVERSION = YES;
				CLANG_WARN_INFINITE_RECURSION = YES;
				CLANG_WARN_INT_CONVERSION = YES;
				CLANG_WARN_NON_LITERAL_NULL_CONVERSION = YES;
				CLANG_WARN_OBJC_IMPLICIT_RETAIN_SELF = YES;
				CLANG_WARN_OBJC_LITERAL_CONVERSION = YES;
				CLANG_WARN_OBJC_ROOT_CLASS = YES_ERROR;
				CLANG_WARN_RANGE_LOOP_ANALYSIS = YES;
				CLANG_WARN_STRICT_PROTOTYPES = YES;
				CLANG_WARN_SUSPICIOUS_MOVE = YES;
				CLANG_WARN_UNGUARDED_AVAILABILITY = YES_AGGRESSIVE;
				CLANG_WARN_UNREACHABLE_CODE = YES;
				CLANG_WARN__DUPLICATE_METHOD_MATCH = YES;
				CODE_SIGN_IDENTITY = "iPhone Developer";
				COPY_PHASE_STRIP = NO;
				DEBUG_INFORMATION_FORMAT = "dwarf-with-dsym";
				ENABLE_STRICT_OBJC_MSGSEND = YES;
				ENABLE_TESTABILITY = YES;
				GCC_C_LANGUAGE_STANDARD = gnu11;
				GCC_DYNAMIC_NO_PIC = NO;
				GCC_NO_COMMON_BLOCKS = YES;
				GCC_OPTIMIZATION_LEVEL = 0;
				GCC_PREPROCESSOR_DEFINITIONS = (
					"DEBUG=1",
					"$(inherited)",
				);
				GCC_WARN_64_TO_32_BIT_CONVERSION = YES;
				GCC_WARN_ABOUT_RETURN_TYPE = YES_ERROR;
				GCC_WARN_UNDECLARED_SELECTOR = YES;
				GCC_WARN_UNINITIALIZED_AUTOS = YES_AGGRESSIVE;
				GCC_WARN_UNUSED_FUNCTION = YES;
				GCC_WARN_UNUSED_VARIABLE = YES;
				IPHONEOS_DEPLOYMENT_TARGET = 12.1;
				MTL_ENABLE_DEBUG_INFO = INCLUDE_SOURCE;
				MTL_FAST_MATH = YES;
				ONLY_ACTIVE_ARCH = YES;
				SDKROOT = iphoneos;
				SWIFT_ACTIVE_COMPILATION_CONDITIONS = DEBUG;
				SWIFT_OPTIMIZATION_LEVEL = "-Onone";
			};
			name = Debug;
		};
		A2876EB323086E6300565829 /* Release */ = {
			isa = XCBuildConfiguration;
			buildSettings = {
				ALWAYS_SEARCH_USER_PATHS = NO;
				CLANG_ANALYZER_NONNULL = YES;
				CLANG_ANALYZER_NUMBER_OBJECT_CONVERSION = YES_AGGRESSIVE;
				CLANG_CXX_LANGUAGE_STANDARD = "gnu++14";
				CLANG_CXX_LIBRARY = "libc++";
				CLANG_ENABLE_MODULES = YES;
				CLANG_ENABLE_OBJC_ARC = YES;
				CLANG_ENABLE_OBJC_WEAK = YES;
				CLANG_WARN_BLOCK_CAPTURE_AUTORELEASING = YES;
				CLANG_WARN_BOOL_CONVERSION = YES;
				CLANG_WARN_COMMA = YES;
				CLANG_WARN_CONSTANT_CONVERSION = YES;
				CLANG_WARN_DEPRECATED_OBJC_IMPLEMENTATIONS = YES;
				CLANG_WARN_DIRECT_OBJC_ISA_USAGE = YES_ERROR;
				CLANG_WARN_DOCUMENTATION_COMMENTS = YES;
				CLANG_WARN_EMPTY_BODY = YES;
				CLANG_WARN_ENUM_CONVERSION = YES;
				CLANG_WARN_INFINITE_RECURSION = YES;
				CLANG_WARN_INT_CONVERSION = YES;
				CLANG_WARN_NON_LITERAL_NULL_CONVERSION = YES;
				CLANG_WARN_OBJC_IMPLICIT_RETAIN_SELF = YES;
				CLANG_WARN_OBJC_LITERAL_CONVERSION = YES;
				CLANG_WARN_OBJC_ROOT_CLASS = YES_ERROR;
				CLANG_WARN_RANGE_LOOP_ANALYSIS = YES;
				CLANG_WARN_STRICT_PROTOTYPES = YES;
				CLANG_WARN_SUSPICIOUS_MOVE = YES;
				CLANG_WARN_UNGUARDED_AVAILABILITY = YES_AGGRESSIVE;
				CLANG_WARN_UNREACHABLE_CODE = YES;
				CLANG_WARN__DUPLICATE_METHOD_MATCH = YES;
				CODE_SIGN_IDENTITY = "iPhone Developer";
				COPY_PHASE_STRIP = NO;
				DEBUG_INFORMATION_FORMAT = "dwarf-with-dsym";
				ENABLE_NS_ASSERTIONS = NO;
				ENABLE_STRICT_OBJC_MSGSEND = YES;
				GCC_C_LANGUAGE_STANDARD = gnu11;
				GCC_NO_COMMON_BLOCKS = YES;
				GCC_WARN_64_TO_32_BIT_CONVERSION = YES;
				GCC_WARN_ABOUT_RETURN_TYPE = YES_ERROR;
				GCC_WARN_UNDECLARED_SELECTOR = YES;
				GCC_WARN_UNINITIALIZED_AUTOS = YES_AGGRESSIVE;
				GCC_WARN_UNUSED_FUNCTION = YES;
				GCC_WARN_UNUSED_VARIABLE = YES;
				IPHONEOS_DEPLOYMENT_TARGET = 12.1;
				MTL_ENABLE_DEBUG_INFO = NO;
				MTL_FAST_MATH = YES;
				SDKROOT = iphoneos;
				SWIFT_COMPILATION_MODE = wholemodule;
				SWIFT_OPTIMIZATION_LEVEL = "-O";
				VALIDATE_PRODUCT = YES;
			};
			name = Release;
		};
		A2876EB523086E6300565829 /* Debug */ = {
			isa = XCBuildConfiguration;
			buildSettings = {
				ASSETCATALOG_COMPILER_APPICON_NAME = AppIcon;
				CODE_SIGN_STYLE = Automatic;
				DEVELOPMENT_TEAM = MSMDV43SUS;
				ENABLE_BITCODE = NO;
				FRAMEWORK_SEARCH_PATHS = "$(inherited)";
				INFOPLIST_FILE = "Dangerfield-IntroToAppDev/Info.plist";
				IPHONEOS_DEPLOYMENT_TARGET = 12.0;
				LD_RUNPATH_SEARCH_PATHS = (
					"$(inherited)",
					"@executable_path/Frameworks",
				);
				OTHER_LDFLAGS = "$(inherited)";
				PRODUCT_BUNDLE_IDENTIFIER = "com.jacob.rakidzich.Dangerfield-IntroToAppDev";
				PRODUCT_NAME = "$(TARGET_NAME)";
				SWIFT_VERSION = 5.0;
				SYSTEM_FRAMEWORK_SEARCH_PATHS = (
					"$(PROJECT_DIR)/Frameworks",
					"$(inherited)",
				);
				TARGETED_DEVICE_FAMILY = "1,2";
			};
			name = Debug;
		};
		A2876EB623086E6300565829 /* Release */ = {
			isa = XCBuildConfiguration;
			buildSettings = {
				ASSETCATALOG_COMPILER_APPICON_NAME = AppIcon;
				CODE_SIGN_STYLE = Automatic;
				DEVELOPMENT_TEAM = MSMDV43SUS;
				ENABLE_BITCODE = NO;
				FRAMEWORK_SEARCH_PATHS = "$(inherited)";
				INFOPLIST_FILE = "Dangerfield-IntroToAppDev/Info.plist";
				IPHONEOS_DEPLOYMENT_TARGET = 12.0;
				LD_RUNPATH_SEARCH_PATHS = (
					"$(inherited)",
					"@executable_path/Frameworks",
				);
				OTHER_LDFLAGS = "$(inherited)";
				PRODUCT_BUNDLE_IDENTIFIER = "com.jacob.rakidzich.Dangerfield-IntroToAppDev";
				PRODUCT_NAME = "$(TARGET_NAME)";
				SWIFT_VERSION = 5.0;
				SYSTEM_FRAMEWORK_SEARCH_PATHS = (
					"$(PROJECT_DIR)/Frameworks",
					"$(inherited)",
				);
				TARGETED_DEVICE_FAMILY = "1,2";
			};
			name = Release;
		};
		A2876EB823086E6300565829 /* Debug */ = {
			isa = XCBuildConfiguration;
			buildSettings = {
				ALWAYS_EMBED_SWIFT_STANDARD_LIBRARIES = YES;
				BUNDLE_LOADER = "$(TEST_HOST)";
				CODE_SIGN_STYLE = Automatic;
				DEVELOPMENT_TEAM = MSMDV43SUS;
				INFOPLIST_FILE = "Dangerfield-IntroToAppDevTests/Info.plist";
				LD_RUNPATH_SEARCH_PATHS = (
					"$(inherited)",
					"@executable_path/Frameworks",
					"@loader_path/Frameworks",
				);
				PRODUCT_BUNDLE_IDENTIFIER = "com.jacob.rakidzich.Dangerfield-IntroToAppDevTests";
				PRODUCT_NAME = "$(TARGET_NAME)";
				SWIFT_VERSION = 5.0;
				TARGETED_DEVICE_FAMILY = "1,2";
				TEST_HOST = "$(BUILT_PRODUCTS_DIR)/Dangerfield-IntroToAppDev.app/Dangerfield-IntroToAppDev";
			};
			name = Debug;
		};
		A2876EB923086E6300565829 /* Release */ = {
			isa = XCBuildConfiguration;
			buildSettings = {
				ALWAYS_EMBED_SWIFT_STANDARD_LIBRARIES = YES;
				BUNDLE_LOADER = "$(TEST_HOST)";
				CODE_SIGN_STYLE = Automatic;
				DEVELOPMENT_TEAM = MSMDV43SUS;
				INFOPLIST_FILE = "Dangerfield-IntroToAppDevTests/Info.plist";
				LD_RUNPATH_SEARCH_PATHS = (
					"$(inherited)",
					"@executable_path/Frameworks",
					"@loader_path/Frameworks",
				);
				PRODUCT_BUNDLE_IDENTIFIER = "com.jacob.rakidzich.Dangerfield-IntroToAppDevTests";
				PRODUCT_NAME = "$(TARGET_NAME)";
				SWIFT_VERSION = 5.0;
				TARGETED_DEVICE_FAMILY = "1,2";
				TEST_HOST = "$(BUILT_PRODUCTS_DIR)/Dangerfield-IntroToAppDev.app/Dangerfield-IntroToAppDev";
			};
			name = Release;
		};
/* End XCBuildConfiguration section */

/* Begin XCConfigurationList section */
		A2876E9223086E6000565829 /* Build configuration list for PBXProject "Dangerfield-IntroToAppDev" */ = {
			isa = XCConfigurationList;
			buildConfigurations = (
				A2876EB223086E6300565829 /* Debug */,
				A2876EB323086E6300565829 /* Release */,
			);
			defaultConfigurationIsVisible = 0;
			defaultConfigurationName = Release;
		};
		A2876EB423086E6300565829 /* Build configuration list for PBXNativeTarget "Dangerfield-IntroToAppDev" */ = {
			isa = XCConfigurationList;
			buildConfigurations = (
				A2876EB523086E6300565829 /* Debug */,
				A2876EB623086E6300565829 /* Release */,
			);
			defaultConfigurationIsVisible = 0;
			defaultConfigurationName = Release;
		};
		A2876EB723086E6300565829 /* Build configuration list for PBXNativeTarget "Dangerfield-IntroToAppDevTests" */ = {
			isa = XCConfigurationList;
			buildConfigurations = (
				A2876EB823086E6300565829 /* Debug */,
				A2876EB923086E6300565829 /* Release */,
			);
			defaultConfigurationIsVisible = 0;
			defaultConfigurationName = Release;
		};
/* End XCConfigurationList section */
	};
	rootObject = A2876E8F23086E6000565829 /* Project object */;
}
